// !$*UTF8*$!
{
	archiveVersion = 1;
	classes = {
	};
	objectVersion = 60;
	objects = {

/* Begin PBXBuildFile section */
		000000000000000000000101 /* ManaMemoAIApp.swift in Sources */ = {isa = PBXBuildFile; fileRef = 000000000000000000000001 /* ManaMemoAIApp.swift */; };
		000000000000000000000102 /* RootView.swift in Sources */ = {isa = PBXBuildFile; fileRef = 000000000000000000000002 /* RootView.swift */; };
		000000000000000000000103 /* APIClient.swift in Sources */ = {isa = PBXBuildFile; fileRef = 000000000000000000000003 /* APIClient.swift */; };
		000000000000000000000104 /* APIError.swift in Sources */ = {isa = PBXBuildFile; fileRef = 000000000000000000000004 /* APIError.swift */; };
		000000000000000000000105 /* APIEnvelope.swift in Sources */ = {isa = PBXBuildFile; fileRef = 000000000000000000000005 /* APIEnvelope.swift */; };
		000000000000000000000106 /* AnyEncodable.swift in Sources */ = {isa = PBXBuildFile; fileRef = 000000000000000000000006 /* AnyEncodable.swift */; };
		000000000000000000000107 /* AuthModels.swift in Sources */ = {isa = PBXBuildFile; fileRef = 000000000000000000000007 /* AuthModels.swift */; };
		000000000000000000000108 /* AuthService.swift in Sources */ = {isa = PBXBuildFile; fileRef = 000000000000000000000008 /* AuthService.swift */; };
		000000000000000000000109 /* AuthSessionStore.swift in Sources */ = {isa = PBXBuildFile; fileRef = 000000000000000000000009 /* AuthSessionStore.swift */; };
		00000000000000000000010A /* AppConfig.swift in Sources */ = {isa = PBXBuildFile; fileRef = 00000000000000000000000A /* AppConfig.swift */; };
		00000000000000000000010B /* AuthTokenStore.swift in Sources */ = {isa = PBXBuildFile; fileRef = 00000000000000000000000B /* AuthTokenStore.swift */; };
		00000000000000000000010C /* KeychainTokenStore.swift in Sources */ = {isa = PBXBuildFile; fileRef = 00000000000000000000000C /* KeychainTokenStore.swift */; };
		00000000000000000000010D /* LoginView.swift in Sources */ = {isa = PBXBuildFile; fileRef = 00000000000000000000000D /* LoginView.swift */; };
		00000000000000000000010E /* HomeView.swift in Sources */ = {isa = PBXBuildFile; fileRef = 00000000000000000000000E /* HomeView.swift */; };
		00000000000000000000010F /* Security.framework in Frameworks */ = {isa = PBXBuildFile; fileRef = 00000000000000000000000F /* Security.framework */; };
		000000000000000000000110 /* DeckModels.swift in Sources */ = {isa = PBXBuildFile; fileRef = 000000000000000000000011 /* DeckModels.swift */; };
		000000000000000000000111 /* DeckService.swift in Sources */ = {isa = PBXBuildFile; fileRef = 000000000000000000000012 /* DeckService.swift */; };
		000000000000000000000112 /* DeckListView.swift in Sources */ = {isa = PBXBuildFile; fileRef = 000000000000000000000013 /* DeckListView.swift */; };
		000000000000000000000113 /* NoteSeedModels.swift in Sources */ = {isa = PBXBuildFile; fileRef = 000000000000000000000014 /* NoteSeedModels.swift */; };
		000000000000000000000114 /* NoteSeedService.swift in Sources */ = {isa = PBXBuildFile; fileRef = 000000000000000000000015 /* NoteSeedService.swift */; };
		000000000000000000000115 /* NoteCreateView.swift in Sources */ = {isa = PBXBuildFile; fileRef = 000000000000000000000016 /* NoteCreateView.swift */; };
		000000000000000000000116 /* NoteListView.swift in Sources */ = {isa = PBXBuildFile; fileRef = 000000000000000000000017 /* NoteListView.swift */; };
		000000000000000000000117 /* SettingsView.swift in Sources */ = {isa = PBXBuildFile; fileRef = 000000000000000000000018 /* SettingsView.swift */; };
		000000000000000000000118 /* AiCandidateModels.swift in Sources */ = {isa = PBXBuildFile; fileRef = 000000000000000000000019 /* AiCandidateModels.swift */; };
		000000000000000000000119 /* AiCandidateService.swift in Sources */ = {isa = PBXBuildFile; fileRef = 00000000000000000000001A /* AiCandidateService.swift */; };
		00000000000000000000011A /* NoteDetailView.swift in Sources */ = {isa = PBXBuildFile; fileRef = 00000000000000000000001B /* NoteDetailView.swift */; };
		00000000000000000000011B /* CandidateAdoptionView.swift in Sources */ = {isa = PBXBuildFile; fileRef = 00000000000000000000001C /* CandidateAdoptionView.swift */; };
		00000000000000000000011C /* LocalStudyModels.swift in Sources */ = {isa = PBXBuildFile; fileRef = 00000000000000000000001D /* LocalStudyModels.swift */; };
		00000000000000000000011D /* LocalCandidateGenerator.swift in Sources */ = {isa = PBXBuildFile; fileRef = 00000000000000000000001E /* LocalCandidateGenerator.swift */; };
		00000000000000000000011E /* LocalLLMModelCatalog.swift in Sources */ = {isa = PBXBuildFile; fileRef = 00000000000000000000001F /* LocalLLMModelCatalog.swift */; };
		00000000000000000000011F /* LocalLLMSettingsStore.swift in Sources */ = {isa = PBXBuildFile; fileRef = 000000000000000000000020 /* LocalLLMSettingsStore.swift */; };
		000000000000000000000120 /* LocalAISettingsView.swift in Sources */ = {isa = PBXBuildFile; fileRef = 000000000000000000000021 /* LocalAISettingsView.swift */; };
		000000000000000000000121 /* ReviewView.swift in Sources */ = {isa = PBXBuildFile; fileRef = 000000000000000000000022 /* ReviewView.swift */; };
		000000000000000000000122 /* ReviewScheduler.swift in Sources */ = {isa = PBXBuildFile; fileRef = 000000000000000000000023 /* ReviewScheduler.swift */; };
/* End PBXBuildFile section */

/* Begin PBXFileReference section */
		000000000000000000000001 /* ManaMemoAIApp.swift */ = {isa = PBXFileReference; lastKnownFileType = sourcecode.swift; path = ManaMemoAIApp.swift; sourceTree = "<group>"; };
		000000000000000000000002 /* RootView.swift */ = {isa = PBXFileReference; lastKnownFileType = sourcecode.swift; path = RootView.swift; sourceTree = "<group>"; };
		000000000000000000000003 /* APIClient.swift */ = {isa = PBXFileReference; lastKnownFileType = sourcecode.swift; path = APIClient.swift; sourceTree = "<group>"; };
		000000000000000000000004 /* APIError.swift */ = {isa = PBXFileReference; lastKnownFileType = sourcecode.swift; path = APIError.swift; sourceTree = "<group>"; };
		000000000000000000000005 /* APIEnvelope.swift */ = {isa = PBXFileReference; lastKnownFileType = sourcecode.swift; path = APIEnvelope.swift; sourceTree = "<group>"; };
		000000000000000000000006 /* AnyEncodable.swift */ = {isa = PBXFileReference; lastKnownFileType = sourcecode.swift; path = AnyEncodable.swift; sourceTree = "<group>"; };
		000000000000000000000007 /* AuthModels.swift */ = {isa = PBXFileReference; lastKnownFileType = sourcecode.swift; path = AuthModels.swift; sourceTree = "<group>"; };
		000000000000000000000008 /* AuthService.swift */ = {isa = PBXFileReference; lastKnownFileType = sourcecode.swift; path = AuthService.swift; sourceTree = "<group>"; };
		000000000000000000000009 /* AuthSessionStore.swift */ = {isa = PBXFileReference; lastKnownFileType = sourcecode.swift; path = AuthSessionStore.swift; sourceTree = "<group>"; };
		00000000000000000000000A /* AppConfig.swift */ = {isa = PBXFileReference; lastKnownFileType = sourcecode.swift; path = AppConfig.swift; sourceTree = "<group>"; };
		00000000000000000000000B /* AuthTokenStore.swift */ = {isa = PBXFileReference; lastKnownFileType = sourcecode.swift; path = AuthTokenStore.swift; sourceTree = "<group>"; };
		00000000000000000000000C /* KeychainTokenStore.swift */ = {isa = PBXFileReference; lastKnownFileType = sourcecode.swift; path = KeychainTokenStore.swift; sourceTree = "<group>"; };
		00000000000000000000000D /* LoginView.swift */ = {isa = PBXFileReference; lastKnownFileType = sourcecode.swift; path = LoginView.swift; sourceTree = "<group>"; };
		00000000000000000000000E /* HomeView.swift */ = {isa = PBXFileReference; lastKnownFileType = sourcecode.swift; path = HomeView.swift; sourceTree = "<group>"; };
		00000000000000000000000F /* Security.framework */ = {isa = PBXFileReference; lastKnownFileType = wrapper.framework; name = Security.framework; path = System/Library/Frameworks/Security.framework; sourceTree = SDKROOT; };
		000000000000000000000010 /* ManaMemoAI.app */ = {isa = PBXFileReference; explicitFileType = wrapper.application; includeInIndex = 0; path = ManaMemoAI.app; sourceTree = BUILT_PRODUCTS_DIR; };
		000000000000000000000011 /* DeckModels.swift */ = {isa = PBXFileReference; lastKnownFileType = sourcecode.swift; path = DeckModels.swift; sourceTree = "<group>"; };
		000000000000000000000012 /* DeckService.swift */ = {isa = PBXFileReference; lastKnownFileType = sourcecode.swift; path = DeckService.swift; sourceTree = "<group>"; };
		000000000000000000000013 /* DeckListView.swift */ = {isa = PBXFileReference; lastKnownFileType = sourcecode.swift; path = DeckListView.swift; sourceTree = "<group>"; };
		000000000000000000000014 /* NoteSeedModels.swift */ = {isa = PBXFileReference; lastKnownFileType = sourcecode.swift; path = NoteSeedModels.swift; sourceTree = "<group>"; };
		000000000000000000000015 /* NoteSeedService.swift */ = {isa = PBXFileReference; lastKnownFileType = sourcecode.swift; path = NoteSeedService.swift; sourceTree = "<group>"; };
		000000000000000000000016 /* NoteCreateView.swift */ = {isa = PBXFileReference; lastKnownFileType = sourcecode.swift; path = NoteCreateView.swift; sourceTree = "<group>"; };
		000000000000000000000017 /* NoteListView.swift */ = {isa = PBXFileReference; lastKnownFileType = sourcecode.swift; path = NoteListView.swift; sourceTree = "<group>"; };
		000000000000000000000018 /* SettingsView.swift */ = {isa = PBXFileReference; lastKnownFileType = sourcecode.swift; path = SettingsView.swift; sourceTree = "<group>"; };
		000000000000000000000019 /* AiCandidateModels.swift */ = {isa = PBXFileReference; lastKnownFileType = sourcecode.swift; path = AiCandidateModels.swift; sourceTree = "<group>"; };
		00000000000000000000001A /* AiCandidateService.swift */ = {isa = PBXFileReference; lastKnownFileType = sourcecode.swift; path = AiCandidateService.swift; sourceTree = "<group>"; };
		00000000000000000000001B /* NoteDetailView.swift */ = {isa = PBXFileReference; lastKnownFileType = sourcecode.swift; path = NoteDetailView.swift; sourceTree = "<group>"; };
		00000000000000000000001C /* CandidateAdoptionView.swift */ = {isa = PBXFileReference; lastKnownFileType = sourcecode.swift; path = CandidateAdoptionView.swift; sourceTree = "<group>"; };
		00000000000000000000001D /* LocalStudyModels.swift */ = {isa = PBXFileReference; lastKnownFileType = sourcecode.swift; path = LocalStudyModels.swift; sourceTree = "<group>"; };
		00000000000000000000001E /* LocalCandidateGenerator.swift */ = {isa = PBXFileReference; lastKnownFileType = sourcecode.swift; path = LocalCandidateGenerator.swift; sourceTree = "<group>"; };
		00000000000000000000001F /* LocalLLMModelCatalog.swift */ = {isa = PBXFileReference; lastKnownFileType = sourcecode.swift; path = LocalLLMModelCatalog.swift; sourceTree = "<group>"; };
		000000000000000000000020 /* LocalLLMSettingsStore.swift */ = {isa = PBXFileReference; lastKnownFileType = sourcecode.swift; path = LocalLLMSettingsStore.swift; sourceTree = "<group>"; };
		000000000000000000000021 /* LocalAISettingsView.swift */ = {isa = PBXFileReference; lastKnownFileType = sourcecode.swift; path = LocalAISettingsView.swift; sourceTree = "<group>"; };
		000000000000000000000022 /* ReviewView.swift */ = {isa = PBXFileReference; lastKnownFileType = sourcecode.swift; path = ReviewView.swift; sourceTree = "<group>"; };
		000000000000000000000023 /* ReviewScheduler.swift */ = {isa = PBXFileReference; lastKnownFileType = sourcecode.swift; path = ReviewScheduler.swift; sourceTree = "<group>"; };
/* End PBXFileReference section */

/* Begin PBXFrameworksBuildPhase section */
		000000000000000000000201 /* Frameworks */ = {
			isa = PBXFrameworksBuildPhase;
			buildActionMask = 2147483647;
			files = (
				00000000000000000000010F /* Security.framework in Frameworks */,
			);
			runOnlyForDeploymentPostprocessing = 0;
		};
/* End PBXFrameworksBuildPhase section */

/* Begin PBXGroup section */
		000000000000000000000301 = {
			isa = PBXGroup;
			children = (
				000000000000000000000302 /* ManaMemoAI */,
				000000000000000000000310 /* Frameworks */,
				000000000000000000000311 /* Products */,
			);
			sourceTree = "<group>";
		};
		000000000000000000000302 /* ManaMemoAI */ = {
			isa = PBXGroup;
			children = (
				000000000000000000000303 /* App */,
				000000000000000000000304 /* Core */,
				000000000000000000000308 /* Features */,
			);
			path = ManaMemoAI;
			sourceTree = "<group>";
		};
		000000000000000000000303 /* App */ = {
			isa = PBXGroup;
			children = (
				000000000000000000000001 /* ManaMemoAIApp.swift */,
				000000000000000000000002 /* RootView.swift */,
			);
			path = App;
			sourceTree = "<group>";
		};
		000000000000000000000304 /* Core */ = {
			isa = PBXGroup;
			children = (
				000000000000000000000305 /* API */,
				000000000000000000000306 /* Auth */,
				000000000000000000000307 /* Config */,
				000000000000000000000312 /* Keychain */,
				000000000000000000000313 /* Persistence */,
				000000000000000000000314 /* LocalLLM */,
			);
			path = Core;
			sourceTree = "<group>";
		};
		000000000000000000000305 /* API */ = {
			isa = PBXGroup;
			children = (
				000000000000000000000003 /* APIClient.swift */,
				000000000000000000000004 /* APIError.swift */,
				000000000000000000000005 /* APIEnvelope.swift */,
				000000000000000000000006 /* AnyEncodable.swift */,
			);
			path = API;
			sourceTree = "<group>";
		};
		000000000000000000000306 /* Auth */ = {
			isa = PBXGroup;
			children = (
				000000000000000000000007 /* AuthModels.swift */,
				000000000000000000000008 /* AuthService.swift */,
				000000000000000000000009 /* AuthSessionStore.swift */,
			);
			path = Auth;
			sourceTree = "<group>";
		};
		000000000000000000000307 /* Config */ = {
			isa = PBXGroup;
			children = (
				00000000000000000000000A /* AppConfig.swift */,
			);
			path = Config;
			sourceTree = "<group>";
		};
		000000000000000000000308 /* Features */ = {
			isa = PBXGroup;
			children = (
				000000000000000000000309 /* Auth */,
				00000000000000000000030A /* Home */,
				00000000000000000000030B /* Decks */,
				00000000000000000000030C /* Notes */,
				00000000000000000000030D /* Settings */,
				00000000000000000000030E /* LocalAI */,
				00000000000000000000030F /* Review */,
			);
			path = Features;
			sourceTree = "<group>";
		};
		000000000000000000000309 /* Auth */ = {
			isa = PBXGroup;
			children = (
				00000000000000000000000D /* LoginView.swift */,
			);
			path = Auth;
			sourceTree = "<group>";
		};
		00000000000000000000030A /* Home */ = {
			isa = PBXGroup;
			children = (
				00000000000000000000000E /* HomeView.swift */,
			);
			path = Home;
			sourceTree = "<group>";
		};
		00000000000000000000030B /* Decks */ = {
			isa = PBXGroup;
			children = (
				000000000000000000000011 /* DeckModels.swift */,
				000000000000000000000012 /* DeckService.swift */,
				000000000000000000000013 /* DeckListView.swift */,
			);
			path = Decks;
			sourceTree = "<group>";
		};
		00000000000000000000030C /* Notes */ = {
			isa = PBXGroup;
			children = (
				000000000000000000000014 /* NoteSeedModels.swift */,
				000000000000000000000015 /* NoteSeedService.swift */,
				000000000000000000000016 /* NoteCreateView.swift */,
				000000000000000000000017 /* NoteListView.swift */,
				000000000000000000000019 /* AiCandidateModels.swift */,
				00000000000000000000001A /* AiCandidateService.swift */,
				00000000000000000000001B /* NoteDetailView.swift */,
				00000000000000000000001C /* CandidateAdoptionView.swift */,
			);
			path = Notes;
			sourceTree = "<group>";
		};
		00000000000000000000030D /* Settings */ = {
			isa = PBXGroup;
			children = (
				000000000000000000000018 /* SettingsView.swift */,
			);
			path = Settings;
			sourceTree = "<group>";
		};
		00000000000000000000030E /* LocalAI */ = {
			isa = PBXGroup;
			children = (
				000000000000000000000021 /* LocalAISettingsView.swift */,
			);
			path = LocalAI;
			sourceTree = "<group>";
		};
		00000000000000000000030F /* Review */ = {
			isa = PBXGroup;
			children = (
				000000000000000000000022 /* ReviewView.swift */,
				000000000000000000000023 /* ReviewScheduler.swift */,
			);
			path = Review;
			sourceTree = "<group>";
		};
		000000000000000000000310 /* Frameworks */ = {
			isa = PBXGroup;
			children = (
				00000000000000000000000F /* Security.framework */,
			);
			name = Frameworks;
			sourceTree = "<group>";
		};
		000000000000000000000311 /* Products */ = {
			isa = PBXGroup;
			children = (
				000000000000000000000010 /* ManaMemoAI.app */,
			);
			name = Products;
			sourceTree = "<group>";
		};
		000000000000000000000312 /* Keychain */ = {
			isa = PBXGroup;
			children = (
				00000000000000000000000B /* AuthTokenStore.swift */,
				00000000000000000000000C /* KeychainTokenStore.swift */,
			);
			path = Keychain;
			sourceTree = "<group>";
		};
		000000000000000000000313 /* Persistence */ = {
			isa = PBXGroup;
			children = (
				00000000000000000000001D /* LocalStudyModels.swift */,
			);
			path = Persistence;
			sourceTree = "<group>";
		};
		000000000000000000000314 /* LocalLLM */ = {
			isa = PBXGroup;
			children = (
				00000000000000000000001E /* LocalCandidateGenerator.swift */,
				00000000000000000000001F /* LocalLLMModelCatalog.swift */,
				000000000000000000000020 /* LocalLLMSettingsStore.swift */,
			);
			path = LocalLLM;
			sourceTree = "<group>";
		};
/* End PBXGroup section */

/* Begin PBXNativeTarget section */
		000000000000000000000401 /* ManaMemoAI */ = {
			isa = PBXNativeTarget;
			buildConfigurationList = 000000000000000000000702 /* Build configuration list for PBXNativeTarget "ManaMemoAI" */;
			buildPhases = (
				000000000000000000000501 /* Sources */,
				000000000000000000000201 /* Frameworks */,
				000000000000000000000502 /* Resources */,
			);
			buildRules = (
			);
			dependencies = (
			);
			name = ManaMemoAI;
			productName = ManaMemoAI;
			productReference = 000000000000000000000010 /* ManaMemoAI.app */;
			productType = "com.apple.product-type.application";
		};
/* End PBXNativeTarget section */

/* Begin PBXProject section */
		000000000000000000000601 /* Project object */ = {
			isa = PBXProject;
			attributes = {
				BuildIndependentTargetsInParallel = 1;
				LastSwiftUpdateCheck = 1640;
				LastUpgradeCheck = 1640;
				TargetAttributes = {
					000000000000000000000401 = {
						CreatedOnToolsVersion = 16.4;
					};
				};
			};
			buildConfigurationList = 000000000000000000000701 /* Build configuration list for PBXProject "ManaMemoAI" */;
			compatibilityVersion = "Xcode 15.0";
			developmentRegion = ja;
			hasScannedForEncodings = 0;
			knownRegions = (
				ja,
				en,
				Base,
			);
			mainGroup = 000000000000000000000301;
			productRefGroup = 000000000000000000000311 /* Products */;
			projectDirPath = "";
			projectRoot = "";
			targets = (
				000000000000000000000401 /* ManaMemoAI */,
			);
		};
/* End PBXProject section */

/* Begin PBXResourcesBuildPhase section */
		000000000000000000000502 /* Resources */ = {
			isa = PBXResourcesBuildPhase;
			buildActionMask = 2147483647;
			files = (
			);
			runOnlyForDeploymentPostprocessing = 0;
		};
/* End PBXResourcesBuildPhase section */

/* Begin PBXSourcesBuildPhase section */
		000000000000000000000501 /* Sources */ = {
			isa = PBXSourcesBuildPhase;
			buildActionMask = 2147483647;
			files = (
				000000000000000000000101 /* ManaMemoAIApp.swift in Sources */,
				000000000000000000000102 /* RootView.swift in Sources */,
				000000000000000000000103 /* APIClient.swift in Sources */,
				000000000000000000000104 /* APIError.swift in Sources */,
				000000000000000000000105 /* APIEnvelope.swift in Sources */,
				000000000000000000000106 /* AnyEncodable.swift in Sources */,
				000000000000000000000107 /* AuthModels.swift in Sources */,
				000000000000000000000108 /* AuthService.swift in Sources */,
				000000000000000000000109 /* AuthSessionStore.swift in Sources */,
				00000000000000000000010A /* AppConfig.swift in Sources */,
				00000000000000000000010B /* AuthTokenStore.swift in Sources */,
				00000000000000000000010C /* KeychainTokenStore.swift in Sources */,
				00000000000000000000010D /* LoginView.swift in Sources */,
				00000000000000000000010E /* HomeView.swift in Sources */,
				000000000000000000000110 /* DeckModels.swift in Sources */,
				000000000000000000000111 /* DeckService.swift in Sources */,
				000000000000000000000112 /* DeckListView.swift in Sources */,
				000000000000000000000113 /* NoteSeedModels.swift in Sources */,
				000000000000000000000114 /* NoteSeedService.swift in Sources */,
				000000000000000000000115 /* NoteCreateView.swift in Sources */,
				000000000000000000000116 /* NoteListView.swift in Sources */,
				000000000000000000000117 /* SettingsView.swift in Sources */,
				000000000000000000000118 /* AiCandidateModels.swift in Sources */,
				000000000000000000000119 /* AiCandidateService.swift in Sources */,
				00000000000000000000011A /* NoteDetailView.swift in Sources */,
				00000000000000000000011B /* CandidateAdoptionView.swift in Sources */,
				00000000000000000000011C /* LocalStudyModels.swift in Sources */,
				00000000000000000000011D /* LocalCandidateGenerator.swift in Sources */,
				00000000000000000000011E /* LocalLLMModelCatalog.swift in Sources */,
				00000000000000000000011F /* LocalLLMSettingsStore.swift in Sources */,
				000000000000000000000120 /* LocalAISettingsView.swift in Sources */,
				000000000000000000000121 /* ReviewView.swift in Sources */,
				000000000000000000000122 /* ReviewScheduler.swift in Sources */,
			);
			runOnlyForDeploymentPostprocessing = 0;
		};
/* End PBXSourcesBuildPhase section */

/* Begin XCBuildConfiguration section */
		000000000000000000000801 /* Debug */ = {
			isa = XCBuildConfiguration;
			buildSettings = {
				ALWAYS_SEARCH_USER_PATHS = NO;
				ASSETCATALOG_COMPILER_GENERATE_SWIFT_ASSET_SYMBOL_EXTENSIONS = YES;
				CLANG_ANALYZER_NONNULL = YES;
				CLANG_ANALYZER_NUMBER_OBJECT_CONVERSION = YES_AGGRESSIVE;
				CLANG_CXX_LANGUAGE_STANDARD = "gnu++20";
				CLANG_ENABLE_MODULES = YES;
				CLANG_ENABLE_OBJC_ARC = YES;
				CLANG_ENABLE_OBJC_WEAK = YES;
				CLANG_WARN_BLOCK_CAPTURE_AUTORELEASING = YES;
				CLANG_WARN_BOOL_CONVERSION = YES;
				CLANG_WARN_COMMA = YES;
				CLANG_WARN_CONSTANT_CONVERSION = YES;
				CLANG_WARN_DEPRECATED_OBJC_IMPLEMENTATIONS = YES;
				CLANG_WARN_DIRECT_OBJC_ISA_USAGE = YES_ERROR;
				CLANG_WARN_DOCUMENTATION_COMMENTS = YES;
				CLANG_WARN_EMPTY_BODY = YES;
				CLANG_WARN_ENUM_CONVERSION = YES;
				CLANG_WARN_INFINITE_RECURSION = YES;
				CLANG_WARN_INT_CONVERSION = YES;
				CLANG_WARN_NON_LITERAL_NULL_CONVERSION = YES;
				CLANG_WARN_OBJC_IMPLICIT_RETAIN_SELF = YES;
				CLANG_WARN_OBJC_LITERAL_CONVERSION = YES;
				CLANG_WARN_OBJC_ROOT_CLASS = YES_ERROR;
				CLANG_WARN_QUOTED_INCLUDE_IN_FRAMEWORK_HEADER = YES;
				CLANG_WARN_RANGE_LOOP_ANALYSIS = YES;
				CLANG_WARN_STRICT_PROTOTYPES = YES;
				CLANG_WARN_SUSPICIOUS_MOVE = YES;
				CLANG_WARN_UNGUARDED_AVAILABILITY = YES_AGGRESSIVE;
				CLANG_WARN_UNREACHABLE_CODE = YES;
				CLANG_WARN__DUPLICATE_METHOD_MATCH = YES;
				COPY_PHASE_STRIP = NO;
				DEBUG_INFORMATION_FORMAT = dwarf;
				ENABLE_STRICT_OBJC_MSGSEND = YES;
				ENABLE_TESTABILITY = YES;
				ENABLE_USER_SCRIPT_SANDBOXING = YES;
				GCC_C_LANGUAGE_STANDARD = gnu17;
				GCC_DYNAMIC_NO_PIC = NO;
				GCC_NO_COMMON_BLOCKS = YES;
				GCC_OPTIMIZATION_LEVEL = 0;
				GCC_PREPROCESSOR_DEFINITIONS = (
					"DEBUG=1",
					"$(inherited)",
				);
				GCC_WARN_64_TO_32_BIT_CONVERSION = YES;
				GCC_WARN_ABOUT_RETURN_TYPE = YES_ERROR;
				GCC_WARN_UNDECLARED_SELECTOR = YES;
				GCC_WARN_UNINITIALIZED_AUTOS = YES_AGGRESSIVE;
				GCC_WARN_UNUSED_FUNCTION = YES;
				GCC_WARN_UNUSED_VARIABLE = YES;
				IPHONEOS_DEPLOYMENT_TARGET = 17.0;
				LOCALIZATION_PREFERS_STRING_CATALOGS = YES;
				MTL_ENABLE_DEBUG_INFO = INCLUDE_SOURCE;
				MTL_FAST_MATH = YES;
				ONLY_ACTIVE_ARCH = YES;
				SDKROOT = iphoneos;
				SWIFT_ACTIVE_COMPILATION_CONDITIONS = DEBUG;
				SWIFT_OPTIMIZATION_LEVEL = "-Onone";
			};
			name = Debug;
		};
		000000000000000000000802 /* Release */ = {
			isa = XCBuildConfiguration;
			buildSettings = {
				ALWAYS_SEARCH_USER_PATHS = NO;
				ASSETCATALOG_COMPILER_GENERATE_SWIFT_ASSET_SYMBOL_EXTENSIONS = YES;
				CLANG_ANALYZER_NONNULL = YES;
				CLANG_ANALYZER_NUMBER_OBJECT_CONVERSION = YES_AGGRESSIVE;
				CLANG_CXX_LANGUAGE_STANDARD = "gnu++20";
				CLANG_ENABLE_MODULES = YES;
				CLANG_ENABLE_OBJC_ARC = YES;
				CLANG_ENABLE_OBJC_WEAK = YES;
				CLANG_WARN_BLOCK_CAPTURE_AUTORELEASING = YES;
				CLANG_WARN_BOOL_CONVERSION = YES;
				CLANG_WARN_COMMA = YES;
				CLANG_WARN_CONSTANT_CONVERSION = YES;
				CLANG_WARN_DEPRECATED_OBJC_IMPLEMENTATIONS = YES;
				CLANG_WARN_DIRECT_OBJC_ISA_USAGE = YES_ERROR;
				CLANG_WARN_DOCUMENTATION_COMMENTS = YES;
				CLANG_WARN_EMPTY_BODY = YES;
				CLANG_WARN_ENUM_CONVERSION = YES;
				CLANG_WARN_INFINITE_RECURSION = YES;
				CLANG_WARN_INT_CONVERSION = YES;
				CLANG_WARN_NON_LITERAL_NULL_CONVERSION = YES;
				CLANG_WARN_OBJC_IMPLICIT_RETAIN_SELF = YES;
				CLANG_WARN_OBJC_LITERAL_CONVERSION = YES;
				CLANG_WARN_OBJC_ROOT_CLASS = YES_ERROR;
				CLANG_WARN_QUOTED_INCLUDE_IN_FRAMEWORK_HEADER = YES;
				CLANG_WARN_RANGE_LOOP_ANALYSIS = YES;
				CLANG_WARN_STRICT_PROTOTYPES = YES;
				CLANG_WARN_SUSPICIOUS_MOVE = YES;
				CLANG_WARN_UNGUARDED_AVAILABILITY = YES_AGGRESSIVE;
				CLANG_WARN_UNREACHABLE_CODE = YES;
				CLANG_WARN__DUPLICATE_METHOD_MATCH = YES;
				COPY_PHASE_STRIP = NO;
				DEBUG_INFORMATION_FORMAT = "dwarf-with-dsym";
				ENABLE_NS_ASSERTIONS = NO;
				ENABLE_STRICT_OBJC_MSGSEND = YES;
				ENABLE_USER_SCRIPT_SANDBOXING = YES;
				GCC_C_LANGUAGE_STANDARD = gnu17;
				GCC_NO_COMMON_BLOCKS = YES;
				GCC_WARN_64_TO_32_BIT_CONVERSION = YES;
				GCC_WARN_ABOUT_RETURN_TYPE = YES_ERROR;
				GCC_WARN_UNDECLARED_SELECTOR = YES;
				GCC_WARN_UNINITIALIZED_AUTOS = YES_AGGRESSIVE;
				GCC_WARN_UNUSED_FUNCTION = YES;
				GCC_WARN_UNUSED_VARIABLE = YES;
				IPHONEOS_DEPLOYMENT_TARGET = 17.0;
				LOCALIZATION_PREFERS_STRING_CATALOGS = YES;
				MTL_ENABLE_DEBUG_INFO = NO;
				MTL_FAST_MATH = YES;
				SDKROOT = iphoneos;
				SWIFT_COMPILATION_MODE = wholemodule;
				VALIDATE_PRODUCT = YES;
			};
			name = Release;
		};
		000000000000000000000803 /* Debug */ = {
			isa = XCBuildConfiguration;
			buildSettings = {
				API_BASE_URL = "http://127.0.0.1:8000/api/v1";
				ASSETCATALOG_COMPILER_APPICON_NAME = AppIcon;
				CODE_SIGN_STYLE = Automatic;
				CURRENT_PROJECT_VERSION = 1;
				DEVELOPMENT_ASSET_PATHS = "";
				ENABLE_PREVIEWS = YES;
				GENERATE_INFOPLIST_FILE = YES;
				INFOPLIST_KEY_API_BASE_URL = "$(API_BASE_URL)";
				INFOPLIST_KEY_CFBundleDisplayName = "まなメモAI";
				INFOPLIST_KEY_LSApplicationCategoryType = "public.app-category.education";
				INFOPLIST_KEY_NSAppTransportSecurity_NSAllowsArbitraryLoads = YES;
				INFOPLIST_KEY_NSLocalNetworkUsageDescription = "開発中のLaravel APIへ接続するためにローカルネットワークを使用します。";
				INFOPLIST_KEY_UIApplicationSceneManifest_Generation = YES;
				INFOPLIST_KEY_UIApplicationSupportsIndirectInputEvents = YES;
				INFOPLIST_KEY_UILaunchScreen_Generation = YES;
				INFOPLIST_KEY_UISupportedInterfaceOrientations_iPad = "UIInterfaceOrientationPortrait UIInterfaceOrientationPortraitUpsideDown UIInterfaceOrientationLandscapeLeft UIInterfaceOrientationLandscapeRight";
				INFOPLIST_KEY_UISupportedInterfaceOrientations_iPhone = "UIInterfaceOrientationPortrait";
				IPHONEOS_DEPLOYMENT_TARGET = 17.0;
				LD_RUNPATH_SEARCH_PATHS = (
					"$(inherited)",
					"@executable_path/Frameworks",
				);
				MARKETING_VERSION = 0.1.0;
				PRODUCT_BUNDLE_IDENTIFIER = jp.manamemoai.app;
				PRODUCT_NAME = "$(TARGET_NAME)";
				SWIFT_EMIT_LOC_STRINGS = YES;
				SWIFT_VERSION = 6.0;
				TARGETED_DEVICE_FAMILY = "1,2";
			};
			name = Debug;
		};
		000000000000000000000804 /* Release */ = {
			isa = XCBuildConfiguration;
			buildSettings = {
				API_BASE_URL = "https://example.com/api/v1";
				ASSETCATALOG_COMPILER_APPICON_NAME = AppIcon;
				CODE_SIGN_STYLE = Automatic;
				CURRENT_PROJECT_VERSION = 1;
				DEVELOPMENT_ASSET_PATHS = "";
				GENERATE_INFOPLIST_FILE = YES;
				INFOPLIST_KEY_API_BASE_URL = "$(API_BASE_URL)";
				INFOPLIST_KEY_CFBundleDisplayName = "まなメモAI";
				INFOPLIST_KEY_LSApplicationCategoryType = "public.app-category.education";
				INFOPLIST_KEY_UIApplicationSceneManifest_Generation = YES;
				INFOPLIST_KEY_UIApplicationSupportsIndirectInputEvents = YES;
				INFOPLIST_KEY_UILaunchScreen_Generation = YES;
				INFOPLIST_KEY_UISupportedInterfaceOrientations_iPad = "UIInterfaceOrientationPortrait UIInterfaceOrientationPortraitUpsideDown UIInterfaceOrientationLandscapeLeft UIInterfaceOrientationLandscapeRight";
				INFOPLIST_KEY_UISupportedInterfaceOrientations_iPhone = "UIInterfaceOrientationPortrait";
				IPHONEOS_DEPLOYMENT_TARGET = 17.0;
				LD_RUNPATH_SEARCH_PATHS = (
					"$(inherited)",
					"@executable_path/Frameworks",
				);
				MARKETING_VERSION = 0.1.0;
				PRODUCT_BUNDLE_IDENTIFIER = jp.manamemoai.app;
				PRODUCT_NAME = "$(TARGET_NAME)";
				SWIFT_EMIT_LOC_STRINGS = YES;
				SWIFT_VERSION = 6.0;
				TARGETED_DEVICE_FAMILY = "1,2";
			};
			name = Release;
		};
/* End XCBuildConfiguration section */

/* Begin XCConfigurationList section */
		000000000000000000000701 /* Build configuration list for PBXProject "ManaMemoAI" */ = {
			isa = XCConfigurationList;
			buildConfigurations = (
				000000000000000000000801 /* Debug */,
				000000000000000000000802 /* Release */,
			);
			defaultConfigurationIsVisible = 0;
			defaultConfigurationName = Release;
		};
		000000000000000000000702 /* Build configuration list for PBXNativeTarget "ManaMemoAI" */ = {
			isa = XCConfigurationList;
			buildConfigurations = (
				000000000000000000000803 /* Debug */,
				000000000000000000000804 /* Release */,
			);
			defaultConfigurationIsVisible = 0;
			defaultConfigurationName = Release;
		};
/* End XCConfigurationList section */
	};
	rootObject = 000000000000000000000601 /* Project object */;
}
